PODS:
  - Kingfisher (5.7.0)
  - SwiftLint (0.34.0)

DEPENDENCIES:
  - Kingfisher
  - SwiftLint (~> 0.34.0)

SPEC REPOS:
  https://github.com/cocoapods/specs.git:
    - Kingfisher
    - SwiftLint

SPEC CHECKSUMS:
  Kingfisher: c7d211b54f1f30d8060aadab177d52b4349c825b
  SwiftLint: 79d48a17c6565dc286c37efb8322c7b450f95c67

PODFILE CHECKSUM: 8f30b9c6fad436a3fe2bd77e143e02e818ec301f

COCOAPODS: 1.7.5
