// !$*UTF8*$!
{
	archiveVersion = 1;
	classes = {
	};
	objectVersion = 50;
	objects = {

/* Begin PBXBuildFile section */
		04612AC5231169F300ABA33A /* MealCollectionViewController.swift in Sources */ = {isa = PBXBuildFile; fileRef = 04612AC1231169F300ABA33A /* MealCollectionViewController.swift */; };
		04612AC6231169F300ABA33A /* MealCollectionViewCell.swift in Sources */ = {isa = PBXBuildFile; fileRef = 04612AC2231169F300ABA33A /* MealCollectionViewCell.swift */; };
		04612AC7231169F300ABA33A /* MealView.swift in Sources */ = {isa = PBXBuildFile; fileRef = 04612AC3231169F300ABA33A /* MealView.swift */; };
		04612AC8231169F300ABA33A /* MealViewModel.swift in Sources */ = {isa = PBXBuildFile; fileRef = 04612AC4231169F300ABA33A /* MealViewModel.swift */; };
		04612ACA23116A1300ABA33A /* AppFlowCoordinator.swift in Sources */ = {isa = PBXBuildFile; fileRef = 04612AC923116A1300ABA33A /* AppFlowCoordinator.swift */; };
		2E5CB7214B4A78251C20EA48 /* Pods_NetguruCollegeApp.framework in Frameworks */ = {isa = PBXBuildFile; fileRef = 5917DB1E95701B4EE6BDDCAF /* Pods_NetguruCollegeApp.framework */; };
		696FE498217635CB005C9FDD /* AppDelegate.swift in Sources */ = {isa = PBXBuildFile; fileRef = 696FE497217635CB005C9FDD /* AppDelegate.swift */; };
		696FE49D217635CB005C9FDD /* Main.storyboard in Resources */ = {isa = PBXBuildFile; fileRef = 696FE49B217635CB005C9FDD /* Main.storyboard */; };
		696FE49F217635D2005C9FDD /* Assets.xcassets in Resources */ = {isa = PBXBuildFile; fileRef = 696FE49E217635D2005C9FDD /* Assets.xcassets */; };
		696FE4A2217635D2005C9FDD /* LaunchScreen.storyboard in Resources */ = {isa = PBXBuildFile; fileRef = 696FE4A0217635D2005C9FDD /* LaunchScreen.storyboard */; };
		696FE4AD217635D2005C9FDD /* NetguruCollegeAppTests.swift in Sources */ = {isa = PBXBuildFile; fileRef = 696FE4AC217635D2005C9FDD /* NetguruCollegeAppTests.swift */; };
		D340A21F231154DE002FC4AE /* CuisineGenerator.swift in Sources */ = {isa = PBXBuildFile; fileRef = D340A21E231154DE002FC4AE /* CuisineGenerator.swift */; };
		E8079EE2231146B6002E8B5E /* DetailViewController.swift in Sources */ = {isa = PBXBuildFile; fileRef = E8079EE1231146B6002E8B5E /* DetailViewController.swift */; };
		E8079EE4231146BC002E8B5E /* DetailViewModel.swift in Sources */ = {isa = PBXBuildFile; fileRef = E8079EE3231146BC002E8B5E /* DetailViewModel.swift */; };
		E8079EE8231146DD002E8B5E /* DetailView.swift in Sources */ = {isa = PBXBuildFile; fileRef = E8079EE7231146DD002E8B5E /* DetailView.swift */; };
		E8079EEA231147DB002E8B5E /* DetailView.xib in Resources */ = {isa = PBXBuildFile; fileRef = E8079EE9231147DB002E8B5E /* DetailView.xib */; };
		E8079EED23114A16002E8B5E /* Meal.swift in Sources */ = {isa = PBXBuildFile; fileRef = E8079EEC23114A16002E8B5E /* Meal.swift */; };
		E814F7DD2310712B00788FA9 /* FlowCoordinator.swift in Sources */ = {isa = PBXBuildFile; fileRef = E814F7DC2310712B00788FA9 /* FlowCoordinator.swift */; };
		E814F7E22310713600788FA9 /* APIMethod.swift in Sources */ = {isa = PBXBuildFile; fileRef = E814F7DE2310713600788FA9 /* APIMethod.swift */; };
		E814F7E32310713600788FA9 /* APIClient.swift in Sources */ = {isa = PBXBuildFile; fileRef = E814F7DF2310713600788FA9 /* APIClient.swift */; };
		E814F7E42310713600788FA9 /* APIError.swift in Sources */ = {isa = PBXBuildFile; fileRef = E814F7E02310713600788FA9 /* APIError.swift */; };
		E814F7E52310713600788FA9 /* APIRequest.swift in Sources */ = {isa = PBXBuildFile; fileRef = E814F7E12310713600788FA9 /* APIRequest.swift */; };
		E814F7E82310714300788FA9 /* WelcomeViewController.swift in Sources */ = {isa = PBXBuildFile; fileRef = E814F7E62310714300788FA9 /* WelcomeViewController.swift */; };
		E814F7E92310714300788FA9 /* HelloWorldViewController.swift in Sources */ = {isa = PBXBuildFile; fileRef = E814F7E72310714300788FA9 /* HelloWorldViewController.swift */; };
		E814F7ED2310716000788FA9 /* HelloWorldView.swift in Sources */ = {isa = PBXBuildFile; fileRef = E814F7EC2310716000788FA9 /* HelloWorldView.swift */; };
		E814F7EF2310716700788FA9 /* HelloWorldView.xib in Resources */ = {isa = PBXBuildFile; fileRef = E814F7EE2310716700788FA9 /* HelloWorldView.xib */; };
		E814F7F12310716D00788FA9 /* WelcomeView.swift in Sources */ = {isa = PBXBuildFile; fileRef = E814F7F02310716D00788FA9 /* WelcomeView.swift */; };
		E814F7F32310717400788FA9 /* WelcomeView.xib in Resources */ = {isa = PBXBuildFile; fileRef = E814F7F22310717400788FA9 /* WelcomeView.xib */; };
/* End PBXBuildFile section */

/* Begin PBXContainerItemProxy section */
		696FE4A9217635D2005C9FDD /* PBXContainerItemProxy */ = {
			isa = PBXContainerItemProxy;
			containerPortal = 696FE48C217635CB005C9FDD /* Project object */;
			proxyType = 1;
			remoteGlobalIDString = 696FE493217635CB005C9FDD;
			remoteInfo = "ncc-ios";
		};
/* End PBXContainerItemProxy section */

/* Begin PBXFileReference section */
		04612AC1231169F300ABA33A /* MealCollectionViewController.swift */ = {isa = PBXFileReference; fileEncoding = 4; lastKnownFileType = sourcecode.swift; path = MealCollectionViewController.swift; sourceTree = "<group>"; };
		04612AC2231169F300ABA33A /* MealCollectionViewCell.swift */ = {isa = PBXFileReference; fileEncoding = 4; lastKnownFileType = sourcecode.swift; path = MealCollectionViewCell.swift; sourceTree = "<group>"; };
		04612AC3231169F300ABA33A /* MealView.swift */ = {isa = PBXFileReference; fileEncoding = 4; lastKnownFileType = sourcecode.swift; path = MealView.swift; sourceTree = "<group>"; };
		04612AC4231169F300ABA33A /* MealViewModel.swift */ = {isa = PBXFileReference; fileEncoding = 4; lastKnownFileType = sourcecode.swift; path = MealViewModel.swift; sourceTree = "<group>"; };
		04612AC923116A1300ABA33A /* AppFlowCoordinator.swift */ = {isa = PBXFileReference; fileEncoding = 4; lastKnownFileType = sourcecode.swift; name = AppFlowCoordinator.swift; path = "../../../../Command/nc-ios/Project/Application/AppFlowCoordinator.swift"; sourceTree = "<group>"; };
		5917DB1E95701B4EE6BDDCAF /* Pods_NetguruCollegeApp.framework */ = {isa = PBXFileReference; explicitFileType = wrapper.framework; includeInIndex = 0; path = Pods_NetguruCollegeApp.framework; sourceTree = BUILT_PRODUCTS_DIR; };
		696FE494217635CB005C9FDD /* NetguruCollegeApp.app */ = {isa = PBXFileReference; explicitFileType = wrapper.application; includeInIndex = 0; path = NetguruCollegeApp.app; sourceTree = BUILT_PRODUCTS_DIR; };
		696FE497217635CB005C9FDD /* AppDelegate.swift */ = {isa = PBXFileReference; lastKnownFileType = sourcecode.swift; path = AppDelegate.swift; sourceTree = "<group>"; };
		696FE49C217635CB005C9FDD /* Base */ = {isa = PBXFileReference; lastKnownFileType = file.storyboard; name = Base; path = Base.lproj/Main.storyboard; sourceTree = "<group>"; };
		696FE49E217635D2005C9FDD /* Assets.xcassets */ = {isa = PBXFileReference; lastKnownFileType = folder.assetcatalog; path = Assets.xcassets; sourceTree = "<group>"; };
		696FE4A1217635D2005C9FDD /* Base */ = {isa = PBXFileReference; lastKnownFileType = file.storyboard; name = Base; path = Base.lproj/LaunchScreen.storyboard; sourceTree = "<group>"; };
		696FE4A3217635D2005C9FDD /* Info.plist */ = {isa = PBXFileReference; lastKnownFileType = text.plist.xml; path = Info.plist; sourceTree = "<group>"; };
		696FE4A8217635D2005C9FDD /* NetguruCollegeApp Tests.xctest */ = {isa = PBXFileReference; explicitFileType = wrapper.cfbundle; includeInIndex = 0; path = "NetguruCollegeApp Tests.xctest"; sourceTree = BUILT_PRODUCTS_DIR; };
		696FE4AC217635D2005C9FDD /* NetguruCollegeAppTests.swift */ = {isa = PBXFileReference; lastKnownFileType = sourcecode.swift; path = NetguruCollegeAppTests.swift; sourceTree = "<group>"; };
		696FE4AE217635D2005C9FDD /* Info.plist */ = {isa = PBXFileReference; lastKnownFileType = text.plist.xml; path = Info.plist; sourceTree = "<group>"; };
		70B9FAC81C5FF8A335FA5053 /* Pods-NetguruCollegeApp.debug.xcconfig */ = {isa = PBXFileReference; includeInIndex = 1; lastKnownFileType = text.xcconfig; name = "Pods-NetguruCollegeApp.debug.xcconfig"; path = "Target Support Files/Pods-NetguruCollegeApp/Pods-NetguruCollegeApp.debug.xcconfig"; sourceTree = "<group>"; };
		B70CCCFD923A49BB70EE7D09 /* Pods-NetguruCollegeApp.release.xcconfig */ = {isa = PBXFileReference; includeInIndex = 1; lastKnownFileType = text.xcconfig; name = "Pods-NetguruCollegeApp.release.xcconfig"; path = "Target Support Files/Pods-NetguruCollegeApp/Pods-NetguruCollegeApp.release.xcconfig"; sourceTree = "<group>"; };
		D340A21E231154DE002FC4AE /* CuisineGenerator.swift */ = {isa = PBXFileReference; lastKnownFileType = sourcecode.swift; path = CuisineGenerator.swift; sourceTree = "<group>"; };
		E8079EE1231146B6002E8B5E /* DetailViewController.swift */ = {isa = PBXFileReference; lastKnownFileType = sourcecode.swift; path = DetailViewController.swift; sourceTree = "<group>"; };
		E8079EE3231146BC002E8B5E /* DetailViewModel.swift */ = {isa = PBXFileReference; lastKnownFileType = sourcecode.swift; path = DetailViewModel.swift; sourceTree = "<group>"; };
		E8079EE7231146DD002E8B5E /* DetailView.swift */ = {isa = PBXFileReference; lastKnownFileType = sourcecode.swift; path = DetailView.swift; sourceTree = "<group>"; };
		E8079EE9231147DB002E8B5E /* DetailView.xib */ = {isa = PBXFileReference; lastKnownFileType = file.xib; path = DetailView.xib; sourceTree = "<group>"; };
		E8079EEC23114A16002E8B5E /* Meal.swift */ = {isa = PBXFileReference; lastKnownFileType = sourcecode.swift; path = Meal.swift; sourceTree = "<group>"; };
		E814F7DC2310712B00788FA9 /* FlowCoordinator.swift */ = {isa = PBXFileReference; fileEncoding = 4; lastKnownFileType = sourcecode.swift; path = FlowCoordinator.swift; sourceTree = "<group>"; };
		E814F7DE2310713600788FA9 /* APIMethod.swift */ = {isa = PBXFileReference; fileEncoding = 4; lastKnownFileType = sourcecode.swift; path = APIMethod.swift; sourceTree = "<group>"; };
		E814F7DF2310713600788FA9 /* APIClient.swift */ = {isa = PBXFileReference; fileEncoding = 4; lastKnownFileType = sourcecode.swift; path = APIClient.swift; sourceTree = "<group>"; };
		E814F7E02310713600788FA9 /* APIError.swift */ = {isa = PBXFileReference; fileEncoding = 4; lastKnownFileType = sourcecode.swift; path = APIError.swift; sourceTree = "<group>"; };
		E814F7E12310713600788FA9 /* APIRequest.swift */ = {isa = PBXFileReference; fileEncoding = 4; lastKnownFileType = sourcecode.swift; path = APIRequest.swift; sourceTree = "<group>"; };
		E814F7E62310714300788FA9 /* WelcomeViewController.swift */ = {isa = PBXFileReference; fileEncoding = 4; lastKnownFileType = sourcecode.swift; path = WelcomeViewController.swift; sourceTree = "<group>"; };
		E814F7E72310714300788FA9 /* HelloWorldViewController.swift */ = {isa = PBXFileReference; fileEncoding = 4; lastKnownFileType = sourcecode.swift; path = HelloWorldViewController.swift; sourceTree = "<group>"; };
		E814F7EC2310716000788FA9 /* HelloWorldView.swift */ = {isa = PBXFileReference; fileEncoding = 4; lastKnownFileType = sourcecode.swift; path = HelloWorldView.swift; sourceTree = "<group>"; };
		E814F7EE2310716700788FA9 /* HelloWorldView.xib */ = {isa = PBXFileReference; fileEncoding = 4; lastKnownFileType = file.xib; path = HelloWorldView.xib; sourceTree = "<group>"; };
		E814F7F02310716D00788FA9 /* WelcomeView.swift */ = {isa = PBXFileReference; fileEncoding = 4; lastKnownFileType = sourcecode.swift; path = WelcomeView.swift; sourceTree = "<group>"; };
		E814F7F22310717400788FA9 /* WelcomeView.xib */ = {isa = PBXFileReference; fileEncoding = 4; lastKnownFileType = file.xib; path = WelcomeView.xib; sourceTree = "<group>"; };
/* End PBXFileReference section */

/* Begin PBXFrameworksBuildPhase section */
		696FE491217635CB005C9FDD /* Frameworks */ = {
			isa = PBXFrameworksBuildPhase;
			buildActionMask = 2147483647;
			files = (
				2E5CB7214B4A78251C20EA48 /* Pods_NetguruCollegeApp.framework in Frameworks */,
			);
			runOnlyForDeploymentPostprocessing = 0;
		};
		696FE4A5217635D2005C9FDD /* Frameworks */ = {
			isa = PBXFrameworksBuildPhase;
			buildActionMask = 2147483647;
			files = (
			);
			runOnlyForDeploymentPostprocessing = 0;
		};
/* End PBXFrameworksBuildPhase section */

/* Begin PBXGroup section */
		04612AC0231169F300ABA33A /* Meal */ = {
			isa = PBXGroup;
			children = (
				04612AC1231169F300ABA33A /* MealCollectionViewController.swift */,
				04612AC2231169F300ABA33A /* MealCollectionViewCell.swift */,
				04612AC3231169F300ABA33A /* MealView.swift */,
				04612AC4231169F300ABA33A /* MealViewModel.swift */,
			);
			path = Meal;
			sourceTree = "<group>";
		};
		4EF6845F21E6435400DA50FC /* Services */ = {
			isa = PBXGroup;
			children = (
				4EF6846021E6438300DA50FC /* Networking */,
				D340A21E231154DE002FC4AE /* CuisineGenerator.swift */,
			);
			path = Services;
			sourceTree = "<group>";
		};
		4EF6846021E6438300DA50FC /* Networking */ = {
			isa = PBXGroup;
			children = (
				E814F7DF2310713600788FA9 /* APIClient.swift */,
				E814F7E02310713600788FA9 /* APIError.swift */,
				E814F7DE2310713600788FA9 /* APIMethod.swift */,
				E814F7E12310713600788FA9 /* APIRequest.swift */,
			);
			path = Networking;
			sourceTree = "<group>";
		};
		5EC86D1AC6F92BE513E78EC0 /* Pods */ = {
			isa = PBXGroup;
			children = (
				70B9FAC81C5FF8A335FA5053 /* Pods-NetguruCollegeApp.debug.xcconfig */,
				B70CCCFD923A49BB70EE7D09 /* Pods-NetguruCollegeApp.release.xcconfig */,
			);
			path = Pods;
			sourceTree = "<group>";
		};
		696FE48B217635CB005C9FDD = {
			isa = PBXGroup;
			children = (
				696FE4B7217637B5005C9FDD /* Project */,
				696FE4BE2176387E005C9FDD /* Supporting files */,
				696FE4AB217635D2005C9FDD /* Unit Tests */,
				696FE495217635CB005C9FDD /* Products */,
				5EC86D1AC6F92BE513E78EC0 /* Pods */,
				D78ED9CC3C02DDC356B00910 /* Frameworks */,
			);
			sourceTree = "<group>";
		};
		696FE495217635CB005C9FDD /* Products */ = {
			isa = PBXGroup;
			children = (
				696FE494217635CB005C9FDD /* NetguruCollegeApp.app */,
				696FE4A8217635D2005C9FDD /* NetguruCollegeApp Tests.xctest */,
			);
			name = Products;
			sourceTree = "<group>";
		};
		696FE4AB217635D2005C9FDD /* Unit Tests */ = {
			isa = PBXGroup;
			children = (
				696FE4AC217635D2005C9FDD /* NetguruCollegeAppTests.swift */,
				696FE4AE217635D2005C9FDD /* Info.plist */,
			);
			path = "Unit Tests";
			sourceTree = "<group>";
		};
		696FE4B7217637B5005C9FDD /* Project */ = {
			isa = PBXGroup;
			children = (
				696FE4BF217638AD005C9FDD /* Application */,
				696FE4B8217637C7005C9FDD /* Source Files */,
				696FE4BC217637FB005C9FDD /* Interfaces */,
				696FE4BD21763812005C9FDD /* Resources */,
			);
			path = Project;
			sourceTree = "<group>";
		};
		696FE4B8217637C7005C9FDD /* Source Files */ = {
			isa = PBXGroup;
			children = (
				E814F7DB2310712200788FA9 /* Base classes */,
				4EF6845F21E6435400DA50FC /* Services */,
				E8079EEB2311493F002E8B5E /* Model */,
				696FE4B9217637D5005C9FDD /* Screens */,
			);
			path = "Source Files";
			sourceTree = "<group>";
		};
		696FE4B9217637D5005C9FDD /* Screens */ = {
			isa = PBXGroup;
			children = (
				04612AC0231169F300ABA33A /* Meal */,
				E8079EE0231146A8002E8B5E /* Details */,
				E814F7EB2310714E00788FA9 /* Welcome */,
				E814F7EA2310714500788FA9 /* HelloWorld */,
			);
			path = Screens;
			sourceTree = "<group>";
		};
		696FE4BC217637FB005C9FDD /* Interfaces */ = {
			isa = PBXGroup;
			children = (
				696FE4A0217635D2005C9FDD /* LaunchScreen.storyboard */,
				696FE49B217635CB005C9FDD /* Main.storyboard */,
			);
			path = Interfaces;
			sourceTree = "<group>";
		};
		696FE4BD21763812005C9FDD /* Resources */ = {
			isa = PBXGroup;
			children = (
				696FE49E217635D2005C9FDD /* Assets.xcassets */,
			);
			path = Resources;
			sourceTree = "<group>";
		};
		696FE4BE2176387E005C9FDD /* Supporting files */ = {
			isa = PBXGroup;
			children = (
				696FE4A3217635D2005C9FDD /* Info.plist */,
			);
			path = "Supporting files";
			sourceTree = "<group>";
		};
		696FE4BF217638AD005C9FDD /* Application */ = {
			isa = PBXGroup;
			children = (
				696FE497217635CB005C9FDD /* AppDelegate.swift */,
				04612AC923116A1300ABA33A /* AppFlowCoordinator.swift */,
			);
			path = Application;
			sourceTree = "<group>";
		};
		D78ED9CC3C02DDC356B00910 /* Frameworks */ = {
			isa = PBXGroup;
			children = (
				5917DB1E95701B4EE6BDDCAF /* Pods_NetguruCollegeApp.framework */,
			);
			name = Frameworks;
			sourceTree = "<group>";
		};
		E8079EE0231146A8002E8B5E /* Details */ = {
			isa = PBXGroup;
			children = (
				E8079EE1231146B6002E8B5E /* DetailViewController.swift */,
				E8079EE7231146DD002E8B5E /* DetailView.swift */,
				E8079EE3231146BC002E8B5E /* DetailViewModel.swift */,
				E8079EE9231147DB002E8B5E /* DetailView.xib */,
			);
			path = Details;
			sourceTree = "<group>";
		};
		E8079EEB2311493F002E8B5E /* Model */ = {
			isa = PBXGroup;
			children = (
				E8079EEC23114A16002E8B5E /* Meal.swift */,
			);
			path = Model;
			sourceTree = "<group>";
		};
		E814F7DB2310712200788FA9 /* Base classes */ = {
			isa = PBXGroup;
			children = (
				E814F7DC2310712B00788FA9 /* FlowCoordinator.swift */,
			);
			path = "Base classes";
			sourceTree = "<group>";
		};
		E814F7EA2310714500788FA9 /* HelloWorld */ = {
			isa = PBXGroup;
			children = (
				E814F7E72310714300788FA9 /* HelloWorldViewController.swift */,
				E814F7EC2310716000788FA9 /* HelloWorldView.swift */,
				E814F7EE2310716700788FA9 /* HelloWorldView.xib */,
			);
			path = HelloWorld;
			sourceTree = "<group>";
		};
		E814F7EB2310714E00788FA9 /* Welcome */ = {
			isa = PBXGroup;
			children = (
				E814F7E62310714300788FA9 /* WelcomeViewController.swift */,
				E814F7F02310716D00788FA9 /* WelcomeView.swift */,
				E814F7F22310717400788FA9 /* WelcomeView.xib */,
			);
			path = Welcome;
			sourceTree = "<group>";
		};
/* End PBXGroup section */

/* Begin PBXNativeTarget section */
		696FE493217635CB005C9FDD /* NetguruCollegeApp */ = {
			isa = PBXNativeTarget;
			buildConfigurationList = 696FE4B1217635D2005C9FDD /* Build configuration list for PBXNativeTarget "NetguruCollegeApp" */;
			buildPhases = (
				9DA1A4651AAA7DE86DDDE3DA /* [CP] Check Pods Manifest.lock */,
				696FE490217635CB005C9FDD /* Sources */,
				696FE491217635CB005C9FDD /* Frameworks */,
				696FE492217635CB005C9FDD /* Resources */,
				699E0A862177DE4000B2A204 /* SwiftLint */,
			);
			buildRules = (
			);
			dependencies = (
			);
			name = NetguruCollegeApp;
			productName = "ncc-ios";
			productReference = 696FE494217635CB005C9FDD /* NetguruCollegeApp.app */;
			productType = "com.apple.product-type.application";
		};
		696FE4A7217635D2005C9FDD /* NetguruCollegeAppTests */ = {
			isa = PBXNativeTarget;
			buildConfigurationList = 696FE4B4217635D2005C9FDD /* Build configuration list for PBXNativeTarget "NetguruCollegeAppTests" */;
			buildPhases = (
				696FE4A4217635D2005C9FDD /* Sources */,
				696FE4A5217635D2005C9FDD /* Frameworks */,
				696FE4A6217635D2005C9FDD /* Resources */,
			);
			buildRules = (
			);
			dependencies = (
				696FE4AA217635D2005C9FDD /* PBXTargetDependency */,
			);
			name = NetguruCollegeAppTests;
			productName = "ncc-iosTests";
			productReference = 696FE4A8217635D2005C9FDD /* NetguruCollegeApp Tests.xctest */;
			productType = "com.apple.product-type.bundle.unit-test";
		};
/* End PBXNativeTarget section */

/* Begin PBXProject section */
		696FE48C217635CB005C9FDD /* Project object */ = {
			isa = PBXProject;
			attributes = {
				LastSwiftUpdateCheck = 1000;
				LastUpgradeCheck = 1020;
				ORGANIZATIONNAME = Netguru;
				TargetAttributes = {
					696FE493217635CB005C9FDD = {
						CreatedOnToolsVersion = 10.0;
					};
					696FE4A7217635D2005C9FDD = {
						CreatedOnToolsVersion = 10.0;
						TestTargetID = 696FE493217635CB005C9FDD;
					};
				};
			};
			buildConfigurationList = 696FE48F217635CB005C9FDD /* Build configuration list for PBXProject "NetguruCollegeApp" */;
			compatibilityVersion = "Xcode 9.3";
			developmentRegion = en;
			hasScannedForEncodings = 0;
			knownRegions = (
				en,
				Base,
			);
			mainGroup = 696FE48B217635CB005C9FDD;
			productRefGroup = 696FE495217635CB005C9FDD /* Products */;
			projectDirPath = "";
			projectRoot = "";
			targets = (
				696FE493217635CB005C9FDD /* NetguruCollegeApp */,
				696FE4A7217635D2005C9FDD /* NetguruCollegeAppTests */,
			);
		};
/* End PBXProject section */

/* Begin PBXResourcesBuildPhase section */
		696FE492217635CB005C9FDD /* Resources */ = {
			isa = PBXResourcesBuildPhase;
			buildActionMask = 2147483647;
			files = (
				696FE4A2217635D2005C9FDD /* LaunchScreen.storyboard in Resources */,
				E814F7F32310717400788FA9 /* WelcomeView.xib in Resources */,
				696FE49F217635D2005C9FDD /* Assets.xcassets in Resources */,
				E8079EEA231147DB002E8B5E /* DetailView.xib in Resources */,
				E814F7EF2310716700788FA9 /* HelloWorldView.xib in Resources */,
				696FE49D217635CB005C9FDD /* Main.storyboard in Resources */,
			);
			runOnlyForDeploymentPostprocessing = 0;
		};
		696FE4A6217635D2005C9FDD /* Resources */ = {
			isa = PBXResourcesBuildPhase;
			buildActionMask = 2147483647;
			files = (
			);
			runOnlyForDeploymentPostprocessing = 0;
		};
/* End PBXResourcesBuildPhase section */

/* Begin PBXShellScriptBuildPhase section */
		699E0A862177DE4000B2A204 /* SwiftLint */ = {
			isa = PBXShellScriptBuildPhase;
			buildActionMask = 2147483647;
			files = (
			);
			inputFileListPaths = (
			);
			inputPaths = (
			);
			name = SwiftLint;
			outputFileListPaths = (
			);
			outputPaths = (
			);
			runOnlyForDeploymentPostprocessing = 0;
			shellPath = /bin/sh;
			shellScript = "${SRCROOT}/Pods/SwiftLint/swiftlint\n";
		};
		9DA1A4651AAA7DE86DDDE3DA /* [CP] Check Pods Manifest.lock */ = {
			isa = PBXShellScriptBuildPhase;
			buildActionMask = 2147483647;
			files = (
			);
			inputFileListPaths = (
			);
			inputPaths = (
				"${PODS_PODFILE_DIR_PATH}/Podfile.lock",
				"${PODS_ROOT}/Manifest.lock",
			);
			name = "[CP] Check Pods Manifest.lock";
			outputFileListPaths = (
			);
			outputPaths = (
				"$(DERIVED_FILE_DIR)/Pods-NetguruCollegeApp-checkManifestLockResult.txt",
			);
			runOnlyForDeploymentPostprocessing = 0;
			shellPath = /bin/sh;
			shellScript = "diff \"${PODS_PODFILE_DIR_PATH}/Podfile.lock\" \"${PODS_ROOT}/Manifest.lock\" > /dev/null\nif [ $? != 0 ] ; then\n    # print error to STDERR\n    echo \"error: The sandbox is not in sync with the Podfile.lock. Run 'pod install' or update your CocoaPods installation.\" >&2\n    exit 1\nfi\n# This output is used by Xcode 'outputs' to avoid re-running this script phase.\necho \"SUCCESS\" > \"${SCRIPT_OUTPUT_FILE_0}\"\n";
			showEnvVarsInLog = 0;
		};
/* End PBXShellScriptBuildPhase section */

/* Begin PBXSourcesBuildPhase section */
		696FE490217635CB005C9FDD /* Sources */ = {
			isa = PBXSourcesBuildPhase;
			buildActionMask = 2147483647;
			files = (
				E814F7DD2310712B00788FA9 /* FlowCoordinator.swift in Sources */,
				04612AC8231169F300ABA33A /* MealViewModel.swift in Sources */,
				696FE498217635CB005C9FDD /* AppDelegate.swift in Sources */,
				E814F7E22310713600788FA9 /* APIMethod.swift in Sources */,
				E8079EE8231146DD002E8B5E /* DetailView.swift in Sources */,
				04612AC7231169F300ABA33A /* MealView.swift in Sources */,
				E8079EE2231146B6002E8B5E /* DetailViewController.swift in Sources */,
				04612AC6231169F300ABA33A /* MealCollectionViewCell.swift in Sources */,
				E814F7E42310713600788FA9 /* APIError.swift in Sources */,
				E814F7E92310714300788FA9 /* HelloWorldViewController.swift in Sources */,
				04612ACA23116A1300ABA33A /* AppFlowCoordinator.swift in Sources */,
				E814F7F12310716D00788FA9 /* WelcomeView.swift in Sources */,
				D340A21F231154DE002FC4AE /* CuisineGenerator.swift in Sources */,
				04612AC5231169F300ABA33A /* MealCollectionViewController.swift in Sources */,
				E814F7E52310713600788FA9 /* APIRequest.swift in Sources */,
				E814F7E32310713600788FA9 /* APIClient.swift in Sources */,
				E8079EED23114A16002E8B5E /* Meal.swift in Sources */,
				E8079EE4231146BC002E8B5E /* DetailViewModel.swift in Sources */,
				E814F7E82310714300788FA9 /* WelcomeViewController.swift in Sources */,
				E814F7ED2310716000788FA9 /* HelloWorldView.swift in Sources */,
			);
			runOnlyForDeploymentPostprocessing = 0;
		};
		696FE4A4217635D2005C9FDD /* Sources */ = {
			isa = PBXSourcesBuildPhase;
			buildActionMask = 2147483647;
			files = (
				696FE4AD217635D2005C9FDD /* NetguruCollegeAppTests.swift in Sources */,
			);
			runOnlyForDeploymentPostprocessing = 0;
		};
/* End PBXSourcesBuildPhase section */

/* Begin PBXTargetDependency section */
		696FE4AA217635D2005C9FDD /* PBXTargetDependency */ = {
			isa = PBXTargetDependency;
			target = 696FE493217635CB005C9FDD /* NetguruCollegeApp */;
			targetProxy = 696FE4A9217635D2005C9FDD /* PBXContainerItemProxy */;
		};
/* End PBXTargetDependency section */

/* Begin PBXVariantGroup section */
		696FE49B217635CB005C9FDD /* Main.storyboard */ = {
			isa = PBXVariantGroup;
			children = (
				696FE49C217635CB005C9FDD /* Base */,
			);
			name = Main.storyboard;
			sourceTree = "<group>";
		};
		696FE4A0217635D2005C9FDD /* LaunchScreen.storyboard */ = {
			isa = PBXVariantGroup;
			children = (
				696FE4A1217635D2005C9FDD /* Base */,
			);
			name = LaunchScreen.storyboard;
			sourceTree = "<group>";
		};
/* End PBXVariantGroup section */

/* Begin XCBuildConfiguration section */
		696FE4AF217635D2005C9FDD /* Debug */ = {
			isa = XCBuildConfiguration;
			buildSettings = {
				CLANG_WARN_BLOCK_CAPTURE_AUTORELEASING = YES;
				CLANG_WARN_BOOL_CONVERSION = YES;
				CLANG_WARN_COMMA = YES;
				CLANG_WARN_CONSTANT_CONVERSION = YES;
				CLANG_WARN_DEPRECATED_OBJC_IMPLEMENTATIONS = YES;
				CLANG_WARN_EMPTY_BODY = YES;
				CLANG_WARN_ENUM_CONVERSION = YES;
				CLANG_WARN_INFINITE_RECURSION = YES;
				CLANG_WARN_INT_CONVERSION = YES;
				CLANG_WARN_NON_LITERAL_NULL_CONVERSION = YES;
				CLANG_WARN_OBJC_IMPLICIT_RETAIN_SELF = YES;
				CLANG_WARN_OBJC_LITERAL_CONVERSION = YES;
				CLANG_WARN_RANGE_LOOP_ANALYSIS = YES;
				CLANG_WARN_STRICT_PROTOTYPES = YES;
				CLANG_WARN_SUSPICIOUS_MOVE = YES;
				CLANG_WARN_UNREACHABLE_CODE = YES;
				CLANG_WARN__DUPLICATE_METHOD_MATCH = YES;
				ENABLE_STRICT_OBJC_MSGSEND = YES;
				ENABLE_TESTABILITY = YES;
				GCC_NO_COMMON_BLOCKS = YES;
				GCC_WARN_64_TO_32_BIT_CONVERSION = YES;
				GCC_WARN_ABOUT_RETURN_TYPE = YES;
				GCC_WARN_UNDECLARED_SELECTOR = YES;
				GCC_WARN_UNINITIALIZED_AUTOS = YES;
				GCC_WARN_UNUSED_FUNCTION = YES;
				GCC_WARN_UNUSED_VARIABLE = YES;
				IPHONEOS_DEPLOYMENT_TARGET = 12.2;
				ONLY_ACTIVE_ARCH = YES;
				SDKROOT = iphoneos;
			};
			name = Debug;
		};
		696FE4B0217635D2005C9FDD /* Release */ = {
			isa = XCBuildConfiguration;
			buildSettings = {
				CLANG_WARN_BLOCK_CAPTURE_AUTORELEASING = YES;
				CLANG_WARN_BOOL_CONVERSION = YES;
				CLANG_WARN_COMMA = YES;
				CLANG_WARN_CONSTANT_CONVERSION = YES;
				CLANG_WARN_DEPRECATED_OBJC_IMPLEMENTATIONS = YES;
				CLANG_WARN_EMPTY_BODY = YES;
				CLANG_WARN_ENUM_CONVERSION = YES;
				CLANG_WARN_INFINITE_RECURSION = YES;
				CLANG_WARN_INT_CONVERSION = YES;
				CLANG_WARN_NON_LITERAL_NULL_CONVERSION = YES;
				CLANG_WARN_OBJC_IMPLICIT_RETAIN_SELF = YES;
				CLANG_WARN_OBJC_LITERAL_CONVERSION = YES;
				CLANG_WARN_RANGE_LOOP_ANALYSIS = YES;
				CLANG_WARN_STRICT_PROTOTYPES = YES;
				CLANG_WARN_SUSPICIOUS_MOVE = YES;
				CLANG_WARN_UNREACHABLE_CODE = YES;
				CLANG_WARN__DUPLICATE_METHOD_MATCH = YES;
				ENABLE_STRICT_OBJC_MSGSEND = YES;
				GCC_NO_COMMON_BLOCKS = YES;
				GCC_WARN_64_TO_32_BIT_CONVERSION = YES;
				GCC_WARN_ABOUT_RETURN_TYPE = YES;
				GCC_WARN_UNDECLARED_SELECTOR = YES;
				GCC_WARN_UNINITIALIZED_AUTOS = YES;
				GCC_WARN_UNUSED_FUNCTION = YES;
				GCC_WARN_UNUSED_VARIABLE = YES;
				IPHONEOS_DEPLOYMENT_TARGET = 12.2;
				SDKROOT = iphoneos;
				SWIFT_COMPILATION_MODE = wholemodule;
			};
			name = Release;
		};
		696FE4B2217635D2005C9FDD /* Debug */ = {
			isa = XCBuildConfiguration;
			baseConfigurationReference = 70B9FAC81C5FF8A335FA5053 /* Pods-NetguruCollegeApp.debug.xcconfig */;
			buildSettings = {
				ALWAYS_SEARCH_USER_PATHS = NO;
				CLANG_ENABLE_OBJC_WEAK = YES;
				INFOPLIST_FILE = "$(SRCROOT)/Supporting files/Info.plist";
				LD_RUNPATH_SEARCH_PATHS = (
					"$(inherited)",
					"@executable_path/Frameworks",
					"@loader_path/Frameworks",
				);
				PRODUCT_BUNDLE_IDENTIFIER = co.netguru.netguru.college.app;
				PRODUCT_NAME = NetguruCollegeApp;
				SWIFT_VERSION = 5.0;
			};
			name = Debug;
		};
		696FE4B3217635D2005C9FDD /* Release */ = {
			isa = XCBuildConfiguration;
			baseConfigurationReference = B70CCCFD923A49BB70EE7D09 /* Pods-NetguruCollegeApp.release.xcconfig */;
			buildSettings = {
				ALWAYS_SEARCH_USER_PATHS = NO;
				CLANG_ENABLE_OBJC_WEAK = YES;
				INFOPLIST_FILE = "$(SRCROOT)/Supporting files/Info.plist";
				LD_RUNPATH_SEARCH_PATHS = (
					"$(inherited)",
					"@executable_path/Frameworks",
					"@loader_path/Frameworks",
				);
				PRODUCT_BUNDLE_IDENTIFIER = co.netguru.netguru.college.app;
				PRODUCT_NAME = NetguruCollegeApp;
				SWIFT_VERSION = 5.0;
			};
			name = Release;
		};
		696FE4B5217635D2005C9FDD /* Debug */ = {
			isa = XCBuildConfiguration;
			buildSettings = {
				CLANG_ENABLE_OBJC_WEAK = YES;
				PRODUCT_NAME = "NetguruCollegeApp Tests";
				SWIFT_VERSION = 5.0;
			};
			name = Debug;
		};
		696FE4B6217635D2005C9FDD /* Release */ = {
			isa = XCBuildConfiguration;
			buildSettings = {
				CLANG_ENABLE_OBJC_WEAK = YES;
				PRODUCT_NAME = "NetguruCollegeApp Tests";
				SWIFT_VERSION = 5.0;
			};
			name = Release;
		};
/* End XCBuildConfiguration section */

/* Begin XCConfigurationList section */
		696FE48F217635CB005C9FDD /* Build configuration list for PBXProject "NetguruCollegeApp" */ = {
			isa = XCConfigurationList;
			buildConfigurations = (
				696FE4AF217635D2005C9FDD /* Debug */,
				696FE4B0217635D2005C9FDD /* Release */,
			);
			defaultConfigurationIsVisible = 0;
			defaultConfigurationName = Release;
		};
		696FE4B1217635D2005C9FDD /* Build configuration list for PBXNativeTarget "NetguruCollegeApp" */ = {
			isa = XCConfigurationList;
			buildConfigurations = (
				696FE4B2217635D2005C9FDD /* Debug */,
				696FE4B3217635D2005C9FDD /* Release */,
			);
			defaultConfigurationIsVisible = 0;
			defaultConfigurationName = Release;
		};
		696FE4B4217635D2005C9FDD /* Build configuration list for PBXNativeTarget "NetguruCollegeAppTests" */ = {
			isa = XCConfigurationList;
			buildConfigurations = (
				696FE4B5217635D2005C9FDD /* Debug */,
				696FE4B6217635D2005C9FDD /* Release */,
			);
			defaultConfigurationIsVisible = 0;
			defaultConfigurationName = Release;
		};
/* End XCConfigurationList section */
	};
	rootObject = 696FE48C217635CB005C9FDD /* Project object */;
}
